#
# This file is autogenerated by pip-compile with Python 3.14
# by the following command:
#
#    pip-compile --output-file=requirements.lock --strip-extras requirements.txt
#
altair==6.2.2
    # via streamlit
anyio==4.14.2
    # via
    #   httpx
    #   starlette
    #   streamlit
attrs==26.1.0
    # via
    #   jsonschema
    #   referencing
beautifulsoup4==4.15.0
    # via yfinance
blinker==1.9.0
    # via streamlit
cachecontrol==0.14.4
    # via firebase-admin
cachetools==7.1.7
    # via streamlit
certifi==2026.7.22
    # via
    #   curl-cffi
    #   httpcore
    #   httpx
    #   requests
cffi==2.1.1
    # via
    #   cryptography
    #   curl-cffi
charset-normalizer==3.5.1
    # via requests
click==8.4.2
    # via
    #   streamlit
    #   uvicorn
colorama==0.4.6
    # via click
cryptography==50.0.0
    # via
    #   google-auth
    #   pyjwt
curl-cffi==0.16.0
    # via yfinance
firebase-admin==7.5.0
    # via -r requirements.txt
gitdb==4.0.12
    # via gitpython
gitpython==3.1.59
    # via streamlit
google-api-core==2.34.0
    # via
    #   firebase-admin
    #   google-cloud-core
    #   google-cloud-firestore
    #   google-cloud-storage
google-auth==2.56.3
    # via
    #   google-api-core
    #   google-cloud-core
    #   google-cloud-firestore
    #   google-cloud-storage
google-cloud-core==2.6.1
    # via
    #   google-cloud-firestore
    #   google-cloud-storage
google-cloud-firestore==2.28.1
    # via firebase-admin
google-cloud-storage==3.13.1
    # via firebase-admin
google-crc32c==1.8.0
    # via
    #   google-cloud-storage
    #   google-resumable-media
google-resumable-media==2.10.1
    # via google-cloud-storage
googleapis-common-protos==1.75.1
    # via
    #   google-api-core
    #   grpcio-status
grpcio==1.83.0
    # via
    #   google-api-core
    #   google-cloud-firestore
    #   grpcio-status
grpcio-status==1.83.0
    # via google-api-core
h11==0.16.0
    # via
    #   httpcore
    #   uvicorn
h2==4.4.1
    # via httpx
hpack==4.2.0
    # via h2
httpcore==1.0.9
    # via httpx
httptools==0.8.0
    # via streamlit
httpx==0.28.1
    # via firebase-admin
hyperframe==6.1.0
    # via h2
idna==3.18
    # via
    #   anyio
    #   httpx
    #   requests
itsdangerous==2.2.0
    # via streamlit
jinja2==3.1.6
    # via
    #   altair
    #   pydeck
jsonschema==4.26.0
    # via altair
jsonschema-specifications==2025.9.1
    # via jsonschema
markupsafe==3.0.3
    # via jinja2
msgpack==1.2.1
    # via cachecontrol
multitasking==0.0.13
    # via yfinance
narwhals==2.24.0
    # via
    #   altair
    #   plotly
numpy==2.4.6
    # via
    #   -r requirements.txt
    #   pandas
    #   pydeck
    #   streamlit
    #   yfinance
packaging==26.3
    # via
    #   altair
    #   plotly
    #   streamlit
pandas==3.0.3
    # via
    #   -r requirements.txt
    #   streamlit
    #   yfinance
peewee==4.3.0
    # via yfinance
pillow==12.3.0
    # via
    #   -r requirements.txt
    #   streamlit
platformdirs==4.11.3
    # via yfinance
plotly==6.8.0
    # via -r requirements.txt
proto-plus==1.28.3
    # via
    #   google-api-core
    #   google-cloud-firestore
protobuf==7.35.1
    # via
    #   google-api-core
    #   google-cloud-firestore
    #   googleapis-common-protos
    #   grpcio-status
    #   proto-plus
    #   streamlit
    #   yfinance
pyarrow==25.0.1
    # via streamlit
pyasn1==0.6.4
    # via pyasn1-modules
pyasn1-modules==0.4.2
    # via google-auth
pycparser==3.0
    # via cffi
pydeck==0.9.3
    # via streamlit
pyjwt==2.13.0
    # via firebase-admin
python-dateutil==2.9.0.post0
    # via pandas
python-multipart==0.0.32
    # via streamlit
pytz==2026.3.post1
    # via yfinance
referencing==0.37.0
    # via
    #   jsonschema
    #   jsonschema-specifications
requests==2.34.2
    # via
    #   -r requirements.txt
    #   cachecontrol
    #   google-api-core
    #   google-cloud-storage
    #   streamlit
    #   yfinance
rpds-py==2026.6.3
    # via
    #   jsonschema
    #   referencing
shioaji==1.5.6
    # via -r requirements.txt
six==1.17.0
    # via python-dateutil
smmap==5.0.3
    # via gitdb
soupsieve==2.9.2
    # via beautifulsoup4
starlette==1.6.0
    # via streamlit
streamlit==1.58.0
    # via
    #   -r requirements.txt
    #   streamlit-autorefresh
streamlit-autorefresh==1.0.1
    # via -r requirements.txt
tenacity==9.1.4
    # via streamlit
toml==0.10.2
    # via streamlit
typing-extensions==4.16.0
    # via
    #   altair
    #   beautifulsoup4
    #   grpcio
    #   streamlit
tzdata==2026.3
    # via pandas
urllib3==2.7.0
    # via requests
uvicorn==0.52.3
    # via streamlit
watchdog==6.0.0
    # via streamlit
websockets==17.0.1
    # via
    #   streamlit
    #   yfinance
yfinance==1.4.1
    # via -r requirements.txt
